
Microsoft Visual Studio Solution File, Format Version 12.00
# Visual Studio Version 17
VisualStudioVersion = 17.5.002.0
MinimumVisualStudioVersion = 10.0.40219.1
Project("{9A19103F-16F7-4668-BE54-9A1E7A4F7556}") = "aspNetCoreBackend4", "aspNetCoreBackend4\aspNetCoreBackend4.csproj", "{3DFF6DF3-9100-4FC1-A0C6-D30A19244C45}"
EndProject
Project("{9A19103F-16F7-4668-BE54-9A1E7A4F7556}") = "aspNetCoreBackend5", "aspNetCoreBackend5\aspNetCoreBackend5.csproj", "{3B5B8210-0C9B-4E03-8CBF-85F83B5E22AB}"
EndProject
Global
	GlobalSection(SolutionConfigurationPlatforms) = preSolution
		Debug|Any CPU = Debug|Any CPU
		Release|Any CPU = Release|Any CPU
	EndGlobalSection
	GlobalSection(ProjectConfigurationPlatforms) = postSolution
		{3DFF6DF3-9100-4FC1-A0C6-D30A19244C45}.Debug|Any CPU.ActiveCfg = Debug|Any CPU
		{3DFF6DF3-9100-4FC1-A0C6-D30A19244C45}.Debug|Any CPU.Build.0 = Debug|Any CPU
		{3DFF6DF3-9100-4FC1-A0C6-D30A19244C45}.Release|Any CPU.ActiveCfg = Release|Any CPU
		{3DFF6DF3-9100-4FC1-A0C6-D30A19244C45}.Release|Any CPU.Build.0 = Release|Any CPU
		{3B5B8210-0C9B-4E03-8CBF-85F83B5E22AB}.Debug|Any CPU.ActiveCfg = Debug|Any CPU
		{3B5B8210-0C9B-4E03-8CBF-85F83B5E22AB}.Debug|Any CPU.Build.0 = Debug|Any CPU
		{3B5B8210-0C9B-4E03-8CBF-85F83B5E22AB}.Release|Any CPU.ActiveCfg = Release|Any CPU
		{3B5B8210-0C9B-4E03-8CBF-85F83B5E22AB}.Release|Any CPU.Build.0 = Release|Any CPU
	EndGlobalSection
	GlobalSection(SolutionProperties) = preSolution
		HideSolutionNode = FALSE
	EndGlobalSection
	GlobalSection(ExtensibilityGlobals) = postSolution
		SolutionGuid = {F72A4CC9-4339-419F-901B-B83720CD628B}
	EndGlobalSection
EndGlobal
